// !$*UTF8*$!
{
	archiveVersion = 1;
	classes = {
	};
	objectVersion = 77;
	objects = {

/* Begin PBXContainerItemProxy section */
		CC3033692DCA4FD0001C6935 /* PBXContainerItemProxy */ = {
			isa = PBXContainerItemProxy;
			containerPortal = CC3033532DCA4FCE001C6935 /* Project object */;
			proxyType = 1;
			remoteGlobalIDString = CC30335A2DCA4FCE001C6935;
			remoteInfo = "Badging Project";
		};
		CC3033732DCA4FD0001C6935 /* PBXContainerItemProxy */ = {
			isa = PBXContainerItemProxy;
			containerPortal = CC3033532DCA4FCE001C6935 /* Project object */;
			proxyType = 1;
			remoteGlobalIDString = CC30335A2DCA4FCE001C6935;
			remoteInfo = "Badging Project";
		};
/* End PBXContainerItemProxy section */

/* Begin PBXFileReference section */
		CC30335B2DCA4FCE001C6935 /* Badging Project.app */ = {isa = PBXFileReference; explicitFileType = wrapper.application; includeInIndex = 0; path = "Badging Project.app"; sourceTree = BUILT_PRODUCTS_DIR; };
		CC3033682DCA4FD0001C6935 /* Badging ProjectTests.xctest */ = {isa = PBXFileReference; explicitFileType = wrapper.cfbundle; includeInIndex = 0; path = "Badging ProjectTests.xctest"; sourceTree = BUILT_PRODUCTS_DIR; };
		CC3033722DCA4FD0001C6935 /* Badging ProjectUITests.xctest */ = {isa = PBXFileReference; explicitFileType = wrapper.cfbundle; includeInIndex = 0; path = "Badging ProjectUITests.xctest"; sourceTree = BUILT_PRODUCTS_DIR; };
/* End PBXFileReference section */

/* Begin PBXFileSystemSynchronizedRootGroup section */
		CC30335D2DCA4FCE001C6935 /* Badging Project */ = {
			isa = PBXFileSystemSynchronizedRootGroup;
			path = "Badging Project";
			sourceTree = "<group>";
		};
		CC30336B2DCA4FD0001C6935 /* Badging ProjectTests */ = {
			isa = PBXFileSystemSynchronizedRootGroup;
			path = "Badging ProjectTests";
			sourceTree = "<group>";
		};
		CC3033752DCA4FD0001C6935 /* Badging ProjectUITests */ = {
			isa = PBXFileSystemSynchronizedRootGroup;
			path = "Badging ProjectUITests";
			sourceTree = "<group>";
		};
/* End PBXFileSystemSynchronizedRootGroup section */

/* Begin PBXFrameworksBuildPhase section */
		CC3033582DCA4FCE001C6935 /* Frameworks */ = {
			isa = PBXFrameworksBuildPhase;
			buildActionMask = 2147483647;
			files = (
			);
			runOnlyForDeploymentPostprocessing = 0;
		};
		CC3033652DCA4FD0001C6935 /* Frameworks */ = {
			isa = PBXFrameworksBuildPhase;
			buildActionMask = 2147483647;
			files = (
			);
			runOnlyForDeploymentPostprocessing = 0;
		};
		CC30336F2DCA4FD0001C6935 /* Frameworks */ = {
			isa = PBXFrameworksBuildPhase;
			buildActionMask = 2147483647;
			files = (
			);
			runOnlyForDeploymentPostprocessing = 0;
		};
/* End PBXFrameworksBuildPhase section */

/* Begin PBXGroup section */
		CC3033522DCA4FCE001C6935 = {
			isa = PBXGroup;
			children = (
				CC30335D2DCA4FCE001C6935 /* Badging Project */,
				CC30336B2DCA4FD0001C6935 /* Badging ProjectTests */,
				CC3033752DCA4FD0001C6935 /* Badging ProjectUITests */,
				CC30335C2DCA4FCE001C6935 /* Products */,
			);
			sourceTree = "<group>";
		};
		CC30335C2DCA4FCE001C6935 /* Products */ = {
			isa = PBXGroup;
			children = (
				CC30335B2DCA4FCE001C6935 /* Badging Project.app */,
				CC3033682DCA4FD0001C6935 /* Badging ProjectTests.xctest */,
				CC3033722DCA4FD0001C6935 /* Badging ProjectUITests.xctest */,
			);
			name = Products;
			sourceTree = "<group>";
		};
/* End PBXGroup section */

/* Begin PBXNativeTarget section */
		CC30335A2DCA4FCE001C6935 /* Badging Project */ = {
			isa = PBXNativeTarget;
			buildConfigurationList = CC30337C2DCA4FD0001C6935 /* Build configuration list for PBXNativeTarget "Badging Project" */;
			buildPhases = (
				CC3033572DCA4FCE001C6935 /* Sources */,
				CC3033582DCA4FCE001C6935 /* Frameworks */,
				CC3033592DCA4FCE001C6935 /* Resources */,
			);
			buildRules = (
			);
			dependencies = (
			);
			fileSystemSynchronizedGroups = (
				CC30335D2DCA4FCE001C6935 /* Badging Project */,
			);
			name = "Badging Project";
			packageProductDependencies = (
			);
			productName = "Badging Project";
			productReference = CC30335B2DCA4FCE001C6935 /* Badging Project.app */;
			productType = "com.apple.product-type.application";
		};
		CC3033672DCA4FD0001C6935 /* Badging ProjectTests */ = {
			isa = PBXNativeTarget;
			buildConfigurationList = CC30337F2DCA4FD0001C6935 /* Build configuration list for PBXNativeTarget "Badging ProjectTests" */;
			buildPhases = (
				CC3033642DCA4FD0001C6935 /* Sources */,
				CC3033652DCA4FD0001C6935 /* Frameworks */,
				CC3033662DCA4FD0001C6935 /* Resources */,
			);
			buildRules = (
			);
			dependencies = (
				CC30336A2DCA4FD0001C6935 /* PBXTargetDependency */,
			);
			fileSystemSynchronizedGroups = (
				CC30336B2DCA4FD0001C6935 /* Badging ProjectTests */,
			);
			name = "Badging ProjectTests";
			packageProductDependencies = (
			);
			productName = "Badging ProjectTests";
			productReference = CC3033682DCA4FD0001C6935 /* Badging ProjectTests.xctest */;
			productType = "com.apple.product-type.bundle.unit-test";
		};
		CC3033712DCA4FD0001C6935 /* Badging ProjectUITests */ = {
			isa = PBXNativeTarget;
			buildConfigurationList = CC3033822DCA4FD0001C6935 /* Build configuration list for PBXNativeTarget "Badging ProjectUITests" */;
			buildPhases = (
				CC30336E2DCA4FD0001C6935 /* Sources */,
				CC30336F2DCA4FD0001C6935 /* Frameworks */,
				CC3033702DCA4FD0001C6935 /* Resources */,
			);
			buildRules = (
			);
			dependencies = (
				CC3033742DCA4FD0001C6935 /* PBXTargetDependency */,
			);
			fileSystemSynchronizedGroups = (
				CC3033752DCA4FD0001C6935 /* Badging ProjectUITests */,
			);
			name = "Badging ProjectUITests";
			packageProductDependencies = (
			);
			productName = "Badging ProjectUITests";
			productReference = CC3033722DCA4FD0001C6935 /* Badging ProjectUITests.xctest */;
			productType = "com.apple.product-type.bundle.ui-testing";
		};
/* End PBXNativeTarget section */

/* Begin PBXProject section */
		CC3033532DCA4FCE001C6935 /* Project object */ = {
			isa = PBXProject;
			attributes = {
				BuildIndependentTargetsInParallel = 1;
				LastSwiftUpdateCheck = 1630;
				LastUpgradeCheck = 1630;
				TargetAttributes = {
					CC30335A2DCA4FCE001C6935 = {
						CreatedOnToolsVersion = 16.3;
					};
					CC3033672DCA4FD0001C6935 = {
						CreatedOnToolsVersion = 16.3;
						TestTargetID = CC30335A2DCA4FCE001C6935;
					};
					CC3033712DCA4FD0001C6935 = {
						CreatedOnToolsVersion = 16.3;
						TestTargetID = CC30335A2DCA4FCE001C6935;
					};
				};
			};
			buildConfigurationList = CC3033562DCA4FCE001C6935 /* Build configuration list for PBXProject "Badging Project" */;
			developmentRegion = en;
			hasScannedForEncodings = 0;
			knownRegions = (
				en,
				Base,
			);
			mainGroup = CC3033522DCA4FCE001C6935;
			minimizedProjectReferenceProxies = 1;
			preferredProjectObjectVersion = 77;
			productRefGroup = CC30335C2DCA4FCE001C6935 /* Products */;
			projectDirPath = "";
			projectRoot = "";
			targets = (
				CC30335A2DCA4FCE001C6935 /* Badging Project */,
				CC3033672DCA4FD0001C6935 /* Badging ProjectTests */,
				CC3033712DCA4FD0001C6935 /* Badging ProjectUITests */,
			);
		};
/* End PBXProject section */

/* Begin PBXResourcesBuildPhase section */
		CC3033592DCA4FCE001C6935 /* Resources */ = {
			isa = PBXResourcesBuildPhase;
			buildActionMask = 2147483647;
			files = (
			);
			runOnlyForDeploymentPostprocessing = 0;
		};
		CC3033662DCA4FD0001C6935 /* Resources */ = {
			isa = PBXResourcesBuildPhase;
			buildActionMask = 2147483647;
			files = (
			);
			runOnlyForDeploymentPostprocessing = 0;
		};
		CC3033702DCA4FD0001C6935 /* Resources */ = {
			isa = PBXResourcesBuildPhase;
			buildActionMask = 2147483647;
			files = (
			);
			runOnlyForDeploymentPostprocessing = 0;
		};
/* End PBXResourcesBuildPhase section */

/* Begin PBXSourcesBuildPhase section */
		CC3033572DCA4FCE001C6935 /* Sources */ = {
			isa = PBXSourcesBuildPhase;
			buildActionMask = 2147483647;
			files = (
			);
			runOnlyForDeploymentPostprocessing = 0;
		};
		CC3033642DCA4FD0001C6935 /* Sources */ = {
			isa = PBXSourcesBuildPhase;
			buildActionMask = 2147483647;
			files = (
			);
			runOnlyForDeploymentPostprocessing = 0;
		};
		CC30336E2DCA4FD0001C6935 /* Sources */ = {
			isa = PBXSourcesBuildPhase;
			buildActionMask = 2147483647;
			files = (
			);
			runOnlyForDeploymentPostprocessing = 0;
		};
/* End PBXSourcesBuildPhase section */

/* Begin PBXTargetDependency section */
		CC30336A2DCA4FD0001C6935 /* PBXTargetDependency */ = {
			isa = PBXTargetDependency;
			target = CC30335A2DCA4FCE001C6935 /* Badging Project */;
			targetProxy = CC3033692DCA4FD0001C6935 /* PBXContainerItemProxy */;
		};
		CC3033742DCA4FD0001C6935 /* PBXTargetDependency */ = {
			isa = PBXTargetDependency;
			target = CC30335A2DCA4FCE001C6935 /* Badging Project */;
			targetProxy = CC3033732DCA4FD0001C6935 /* PBXContainerItemProxy */;
		};
/* End PBXTargetDependency section */

/* Begin XCBuildConfiguration section */
		CC30337A2DCA4FD0001C6935 /* Debug */ = {
			isa = XCBuildConfiguration;
			buildSettings = {
				ALWAYS_SEARCH_USER_PATHS = NO;
				ASSETCATALOG_COMPILER_GENERATE_SWIFT_ASSET_SYMBOL_EXTENSIONS = YES;
				CLANG_ANALYZER_NONNULL = YES;
				CLANG_ANALYZER_NUMBER_OBJECT_CONVERSION = YES_AGGRESSIVE;
				CLANG_CXX_LANGUAGE_STANDARD = "gnu++20";
				CLANG_ENABLE_MODULES = YES;
				CLANG_ENABLE_OBJC_ARC = YES;
				CLANG_ENABLE_OBJC_WEAK = YES;
				CLANG_WARN_BLOCK_CAPTURE_AUTORELEASING = YES;
				CLANG_WARN_BOOL_CONVERSION = YES;
				CLANG_WARN_COMMA = YES;
				CLANG_WARN_CONSTANT_CONVERSION = YES;
				CLANG_WARN_DEPRECATED_OBJC_IMPLEMENTATIONS = YES;
				CLANG_WARN_DIRECT_OBJC_ISA_USAGE = YES_ERROR;
				CLANG_WARN_DOCUMENTATION_COMMENTS = YES;
				CLANG_WARN_EMPTY_BODY = YES;
				CLANG_WARN_ENUM_CONVERSION = YES;
				CLANG_WARN_INFINITE_RECURSION = YES;
				CLANG_WARN_INT_CONVERSION = YES;
				CLANG_WARN_NON_LITERAL_NULL_CONVERSION = YES;
				CLANG_WARN_OBJC_IMPLICIT_RETAIN_SELF = YES;
				CLANG_WARN_OBJC_LITERAL_CONVERSION = YES;
				CLANG_WARN_OBJC_ROOT_CLASS = YES_ERROR;
				CLANG_WARN_QUOTED_INCLUDE_IN_FRAMEWORK_HEADER = YES;
				CLANG_WARN_RANGE_LOOP_ANALYSIS = YES;
				CLANG_WARN_STRICT_PROTOTYPES = YES;
				CLANG_WARN_SUSPICIOUS_MOVE = YES;
				CLANG_WARN_UNGUARDED_AVAILABILITY = YES_AGGRESSIVE;
				CLANG_WARN_UNREACHABLE_CODE = YES;
				CLANG_WARN__DUPLICATE_METHOD_MATCH = YES;
				COPY_PHASE_STRIP = NO;
				DEBUG_INFORMATION_FORMAT = dwarf;
				ENABLE_STRICT_OBJC_MSGSEND = YES;
				ENABLE_TESTABILITY = YES;
				ENABLE_USER_SCRIPT_SANDBOXING = YES;
				GCC_C_LANGUAGE_STANDARD = gnu17;
				GCC_DYNAMIC_NO_PIC = NO;
				GCC_NO_COMMON_BLOCKS = YES;
				GCC_OPTIMIZATION_LEVEL = 0;
				GCC_PREPROCESSOR_DEFINITIONS = (
					"DEBUG=1",
					"$(inherited)",
				);
				GCC_WARN_64_TO_32_BIT_CONVERSION = YES;
				GCC_WARN_ABOUT_RETURN_TYPE = YES_ERROR;
				GCC_WARN_UNDECLARED_SELECTOR = YES;
				GCC_WARN_UNINITIALIZED_AUTOS = YES_AGGRESSIVE;
				GCC_WARN_UNUSED_FUNCTION = YES;
				GCC_WARN_UNUSED_VARIABLE = YES;
				IPHONEOS_DEPLOYMENT_TARGET = 18.4;
				LOCALIZATION_PREFERS_STRING_CATALOGS = YES;
				MTL_ENABLE_DEBUG_INFO = INCLUDE_SOURCE;
				MTL_FAST_MATH = YES;
				ONLY_ACTIVE_ARCH = YES;
				SDKROOT = iphoneos;
				SWIFT_ACTIVE_COMPILATION_CONDITIONS = "DEBUG $(inherited)";
				SWIFT_OPTIMIZATION_LEVEL = "-Onone";
			};
			name = Debug;
		};
		CC30337B2DCA4FD0001C6935 /* Release */ = {
			isa = XCBuildConfiguration;
			buildSettings = {
				ALWAYS_SEARCH_USER_PATHS = NO;
				ASSETCATALOG_COMPILER_GENERATE_SWIFT_ASSET_SYMBOL_EXTENSIONS = YES;
				CLANG_ANALYZER_NONNULL = YES;
				CLANG_ANALYZER_NUMBER_OBJECT_CONVERSION = YES_AGGRESSIVE;
				CLANG_CXX_LANGUAGE_STANDARD = "gnu++20";
				CLANG_ENABLE_MODULES = YES;
				CLANG_ENABLE_OBJC_ARC = YES;
				CLANG_ENABLE_OBJC_WEAK = YES;
				CLANG_WARN_BLOCK_CAPTURE_AUTORELEASING = YES;
				CLANG_WARN_BOOL_CONVERSION = YES;
				CLANG_WARN_COMMA = YES;
				CLANG_WARN_CONSTANT_CONVERSION = YES;
				CLANG_WARN_DEPRECATED_OBJC_IMPLEMENTATIONS = YES;
				CLANG_WARN_DIRECT_OBJC_ISA_USAGE = YES_ERROR;
				CLANG_WARN_DOCUMENTATION_COMMENTS = YES;
				CLANG_WARN_EMPTY_BODY = YES;
				CLANG_WARN_ENUM_CONVERSION = YES;
				CLANG_WARN_INFINITE_RECURSION = YES;
				CLANG_WARN_INT_CONVERSION = YES;
				CLANG_WARN_NON_LITERAL_NULL_CONVERSION = YES;
				CLANG_WARN_OBJC_IMPLICIT_RETAIN_SELF = YES;
				CLANG_WARN_OBJC_LITERAL_CONVERSION = YES;
				CLANG_WARN_OBJC_ROOT_CLASS = YES_ERROR;
				CLANG_WARN_QUOTED_INCLUDE_IN_FRAMEWORK_HEADER = YES;
				CLANG_WARN_RANGE_LOOP_ANALYSIS = YES;
				CLANG_WARN_STRICT_PROTOTYPES = YES;
				CLANG_WARN_SUSPICIOUS_MOVE = YES;
				CLANG_WARN_UNGUARDED_AVAILABILITY = YES_AGGRESSIVE;
				CLANG_WARN_UNREACHABLE_CODE = YES;
				CLANG_WARN__DUPLICATE_METHOD_MATCH = YES;
				COPY_PHASE_STRIP = NO;
				DEBUG_INFORMATION_FORMAT = "dwarf-with-dsym";
				ENABLE_NS_ASSERTIONS = NO;
				ENABLE_STRICT_OBJC_MSGSEND = YES;
				ENABLE_USER_SCRIPT_SANDBOXING = YES;
				GCC_C_LANGUAGE_STANDARD = gnu17;
				GCC_NO_COMMON_BLOCKS = YES;
				GCC_WARN_64_TO_32_BIT_CONVERSION = YES;
				GCC_WARN_ABOUT_RETURN_TYPE = YES_ERROR;
				GCC_WARN_UNDECLARED_SELECTOR = YES;
				GCC_WARN_UNINITIALIZED_AUTOS = YES_AGGRESSIVE;
				GCC_WARN_UNUSED_FUNCTION = YES;
				GCC_WARN_UNUSED_VARIABLE = YES;
				IPHONEOS_DEPLOYMENT_TARGET = 18.4;
				LOCALIZATION_PREFERS_STRING_CATALOGS = YES;
				MTL_ENABLE_DEBUG_INFO = NO;
				MTL_FAST_MATH = YES;
				SDKROOT = iphoneos;
				SWIFT_COMPILATION_MODE = wholemodule;
				VALIDATE_PRODUCT = YES;
			};
			name = Release;
		};
		CC30337D2DCA4FD0001C6935 /* Debug */ = {
			isa = XCBuildConfiguration;
			buildSettings = {
				ASSETCATALOG_COMPILER_APPICON_NAME = AppIcon;
				ASSETCATALOG_COMPILER_GLOBAL_ACCENT_COLOR_NAME = AccentColor;
				CODE_SIGN_STYLE = Automatic;
				CURRENT_PROJECT_VERSION = 1;
				ENABLE_PREVIEWS = YES;
				GENERATE_INFOPLIST_FILE = YES;
				INFOPLIST_KEY_UIApplicationSceneManifest_Generation = YES;
				INFOPLIST_KEY_UIApplicationSupportsIndirectInputEvents = YES;
				INFOPLIST_KEY_UILaunchScreen_Generation = YES;
				INFOPLIST_KEY_UISupportedInterfaceOrientations_iPad = "UIInterfaceOrientationPortrait UIInterfaceOrientationPortraitUpsideDown UIInterfaceOrientationLandscapeLeft UIInterfaceOrientationLandscapeRight";
				INFOPLIST_KEY_UISupportedInterfaceOrientations_iPhone = "UIInterfaceOrientationPortrait UIInterfaceOrientationLandscapeLeft UIInterfaceOrientationLandscapeRight";
				LD_RUNPATH_SEARCH_PATHS = (
					"$(inherited)",
					"@executable_path/Frameworks",
				);
				MARKETING_VERSION = 1.0;
				PRODUCT_BUNDLE_IDENTIFIER = "Molly-Norman.Badging-Project";
				PRODUCT_NAME = "$(TARGET_NAME)";
				SWIFT_EMIT_LOC_STRINGS = YES;
				SWIFT_VERSION = 5.0;
				TARGETED_DEVICE_FAMILY = "1,2";
			};
			name = Debug;
		};
		CC30337E2DCA4FD0001C6935 /* Release */ = {
			isa = XCBuildConfiguration;
			buildSettings = {
				ASSETCATALOG_COMPILER_APPICON_NAME = AppIcon;
				ASSETCATALOG_COMPILER_GLOBAL_ACCENT_COLOR_NAME = AccentColor;
				CODE_SIGN_STYLE = Automatic;
				CURRENT_PROJECT_VERSION = 1;
				ENABLE_PREVIEWS = YES;
				GENERATE_INFOPLIST_FILE = YES;
				INFOPLIST_KEY_UIApplicationSceneManifest_Generation = YES;
				INFOPLIST_KEY_UIApplicationSupportsIndirectInputEvents = YES;
				INFOPLIST_KEY_UILaunchScreen_Generation = YES;
				INFOPLIST_KEY_UISupportedInterfaceOrientations_iPad = "UIInterfaceOrientationPortrait UIInterfaceOrientationPortraitUpsideDown UIInterfaceOrientationLandscapeLeft UIInterfaceOrientationLandscapeRight";
				INFOPLIST_KEY_UISupportedInterfaceOrientations_iPhone = "UIInterfaceOrientationPortrait UIInterfaceOrientationLandscapeLeft UIInterfaceOrientationLandscapeRight";
				LD_RUNPATH_SEARCH_PATHS = (
					"$(inherited)",
					"@executable_path/Frameworks",
				);
				MARKETING_VERSION = 1.0;
				PRODUCT_BUNDLE_IDENTIFIER = "Molly-Norman.Badging-Project";
				PRODUCT_NAME = "$(TARGET_NAME)";
				SWIFT_EMIT_LOC_STRINGS = YES;
				SWIFT_VERSION = 5.0;
				TARGETED_DEVICE_FAMILY = "1,2";
			};
			name = Release;
		};
		CC3033802DCA4FD0001C6935 /* Debug */ = {
			isa = XCBuildConfiguration;
			buildSettings = {
				BUNDLE_LOADER = "$(TEST_HOST)";
				CODE_SIGN_STYLE = Automatic;
				CURRENT_PROJECT_VERSION = 1;
				GENERATE_INFOPLIST_FILE = YES;
				IPHONEOS_DEPLOYMENT_TARGET = 18.4;
				MARKETING_VERSION = 1.0;
				PRODUCT_BUNDLE_IDENTIFIER = "Molly-Norman.Badging-ProjectTests";
				PRODUCT_NAME = "$(TARGET_NAME)";
				SWIFT_EMIT_LOC_STRINGS = NO;
				SWIFT_VERSION = 5.0;
				TARGETED_DEVICE_FAMILY = "1,2";
				TEST_HOST = "$(BUILT_PRODUCTS_DIR)/Badging Project.app/$(BUNDLE_EXECUTABLE_FOLDER_PATH)/Badging Project";
			};
			name = Debug;
		};
		CC3033812DCA4FD0001C6935 /* Release */ = {
			isa = XCBuildConfiguration;
			buildSettings = {
				BUNDLE_LOADER = "$(TEST_HOST)";
				CODE_SIGN_STYLE = Automatic;
				CURRENT_PROJECT_VERSION = 1;
				GENERATE_INFOPLIST_FILE = YES;
				IPHONEOS_DEPLOYMENT_TARGET = 18.4;
				MARKETING_VERSION = 1.0;
				PRODUCT_BUNDLE_IDENTIFIER = "Molly-Norman.Badging-ProjectTests";
				PRODUCT_NAME = "$(TARGET_NAME)";
				SWIFT_EMIT_LOC_STRINGS = NO;
				SWIFT_VERSION = 5.0;
				TARGETED_DEVICE_FAMILY = "1,2";
				TEST_HOST = "$(BUILT_PRODUCTS_DIR)/Badging Project.app/$(BUNDLE_EXECUTABLE_FOLDER_PATH)/Badging Project";
			};
			name = Release;
		};
		CC3033832DCA4FD0001C6935 /* Debug */ = {
			isa = XCBuildConfiguration;
			buildSettings = {
				CODE_SIGN_STYLE = Automatic;
				CURRENT_PROJECT_VERSION = 1;
				GENERATE_INFOPLIST_FILE = YES;
				MARKETING_VERSION = 1.0;
				PRODUCT_BUNDLE_IDENTIFIER = "Molly-Norman.Badging-ProjectUITests";
				PRODUCT_NAME = "$(TARGET_NAME)";
				SWIFT_EMIT_LOC_STRINGS = NO;
				SWIFT_VERSION = 5.0;
				TARGETED_DEVICE_FAMILY = "1,2";
				TEST_TARGET_NAME = "Badging Project";
			};
			name = Debug;
		};
		CC3033842DCA4FD0001C6935 /* Release */ = {
			isa = XCBuildConfiguration;
			buildSettings = {
				CODE_SIGN_STYLE = Automatic;
				CURRENT_PROJECT_VERSION = 1;
				GENERATE_INFOPLIST_FILE = YES;
				MARKETING_VERSION = 1.0;
				PRODUCT_BUNDLE_IDENTIFIER = "Molly-Norman.Badging-ProjectUITests";
				PRODUCT_NAME = "$(TARGET_NAME)";
				SWIFT_EMIT_LOC_STRINGS = NO;
				SWIFT_VERSION = 5.0;
				TARGETED_DEVICE_FAMILY = "1,2";
				TEST_TARGET_NAME = "Badging Project";
			};
			name = Release;
		};
/* End XCBuildConfiguration section */

/* Begin XCConfigurationList section */
		CC3033562DCA4FCE001C6935 /* Build configuration list for PBXProject "Badging Project" */ = {
			isa = XCConfigurationList;
			buildConfigurations = (
				CC30337A2DCA4FD0001C6935 /* Debug */,
				CC30337B2DCA4FD0001C6935 /* Release */,
			);
			defaultConfigurationIsVisible = 0;
			defaultConfigurationName = Release;
		};
		CC30337C2DCA4FD0001C6935 /* Build configuration list for PBXNativeTarget "Badging Project" */ = {
			isa = XCConfigurationList;
			buildConfigurations = (
				CC30337D2DCA4FD0001C6935 /* Debug */,
				CC30337E2DCA4FD0001C6935 /* Release */,
			);
			defaultConfigurationIsVisible = 0;
			defaultConfigurationName = Release;
		};
		CC30337F2DCA4FD0001C6935 /* Build configuration list for PBXNativeTarget "Badging ProjectTests" */ = {
			isa = XCConfigurationList;
			buildConfigurations = (
				CC3033802DCA4FD0001C6935 /* Debug */,
				CC3033812DCA4FD0001C6935 /* Release */,
			);
			defaultConfigurationIsVisible = 0;
			defaultConfigurationName = Release;
		};
		CC3033822DCA4FD0001C6935 /* Build configuration list for PBXNativeTarget "Badging ProjectUITests" */ = {
			isa = XCConfigurationList;
			buildConfigurations = (
				CC3033832DCA4FD0001C6935 /* Debug */,
				CC3033842DCA4FD0001C6935 /* Release */,
			);
			defaultConfigurationIsVisible = 0;
			defaultConfigurationName = Release;
		};
/* End XCConfigurationList section */
	};
	rootObject = CC3033532DCA4FCE001C6935 /* Project object */;
}
